
Microsoft Visual Studio Solution File, Format Version 12.00
# Visual Studio 15
VisualStudioVersion = 15.0.27130.2020
MinimumVisualStudioVersion = 10.0.40219.1
Project("{FAE04EC0-301F-11D3-BF4B-00C04F79EFBC}") = "NiceMeter", "NiceMeter.csproj", "{9B21AEDB-EF5D-439C-9241-73D72D440C13}"
EndProject
Global
	GlobalSection(SolutionConfigurationPlatforms) = preSolution
		Debug|Any CPU = Debug|Any CPU
		Release|Any CPU = Release|Any CPU
	EndGlobalSection
	GlobalSection(ProjectConfigurationPlatforms) = postSolution
		{9B21AEDB-EF5D-439C-9241-73D72D440C13}.Debug|Any CPU.ActiveCfg = Debug|Any CPU
		{9B21AEDB-EF5D-439C-9241-73D72D440C13}.Debug|Any CPU.Build.0 = Debug|Any CPU
		{9B21AEDB-EF5D-439C-9241-73D72D440C13}.Release|Any CPU.ActiveCfg = Release|Any CPU
		{9B21AEDB-EF5D-439C-9241-73D72D440C13}.Release|Any CPU.Build.0 = Release|Any CPU
	EndGlobalSection
	GlobalSection(SolutionProperties) = preSolution
		HideSolutionNode = FALSE
	EndGlobalSection
	GlobalSection(ExtensibilityGlobals) = postSolution
		SolutionGuid = {DB35235C-EEE0-4393-A41D-DC7920D38BC0}
	EndGlobalSection
EndGlobal
